
Microsoft Visual Studio Solution File, Format Version 12.00
# Visual Studio Version 16
VisualStudioVersion = 16.0.29613.14
MinimumVisualStudioVersion = 10.0.40219.1
Project("{FAE04EC0-301F-11D3-BF4B-00C04F79EFBC}") = "ProjectL", "ProjectL.csproj", "{33D2AF53-D068-4A0D-9A0B-52FA2C3594C5}"
EndProject
Global
	GlobalSection(SolutionConfigurationPlatforms) = preSolution
		Debug|Any CPU = Debug|Any CPU
		Release|Any CPU = Release|Any CPU
	EndGlobalSection
	GlobalSection(ProjectConfigurationPlatforms) = postSolution
		{33D2AF53-D068-4A0D-9A0B-52FA2C3594C5}.Debug|Any CPU.ActiveCfg = Debug|Any CPU
		{33D2AF53-D068-4A0D-9A0B-52FA2C3594C5}.Debug|Any CPU.Build.0 = Debug|Any CPU
		{33D2AF53-D068-4A0D-9A0B-52FA2C3594C5}.Release|Any CPU.ActiveCfg = Release|Any CPU
		{33D2AF53-D068-4A0D-9A0B-52FA2C3594C5}.Release|Any CPU.Build.0 = Release|Any CPU
	EndGlobalSection
	GlobalSection(SolutionProperties) = preSolution
		HideSolutionNode = FALSE
	EndGlobalSection
	GlobalSection(ExtensibilityGlobals) = postSolution
		SolutionGuid = {C9FDD54B-AE66-4AFA-82B1-FBD278D09A1B}
	EndGlobalSection
EndGlobal
